<?xml version="1.0" encoding="utf-8"?>
<Project ToolsVersion="4.0" xmlns="http://schemas.microsoft.com/developer/msbuild/2003">
  <ItemGroup>
    <ClInclude Include="bits.h" />
    <ClInclude Include="device.h" />
    <ClInclude Include="gb28181_header_maker.h" />
    <ClInclude Include="h264_parser.h" />
    <ClInclude Include="load_h264.h" />
    <ClInclude Include="nalu.h" />
    <ClInclude Include="pugiconfig.hpp" />
    <ClInclude Include="pugixml.hpp" />
    <ClInclude Include="cxxopts.h" />
  </ItemGroup>
  <ItemGroup>
    <ClCompile Include="device.cpp" />
    <ClCompile Include="gb28181_header_maker.cpp" />
    <ClCompile Include="h264_parser.cpp" />
    <ClCompile Include="load_h264.cpp" />
    <ClCompile Include="net_client.cpp" />
    <ClCompile Include="pugixml.cpp" />
    <ClCompile Include="main.cpp" />
  </ItemGroup>
</Project>