<?xml version="1.0" encoding="utf-8"?>
<Project ToolsVersion="4.0" xmlns="http://schemas.microsoft.com/developer/msbuild/2003">
  <ItemGroup>
    <ClCompile Include="main.cpp" />
    <ClCompile Include="csip_server.cpp">
      <Filter>server</Filter>
    </ClCompile>
    <ClCompile Include="csip_msg_dispatch.cpp">
      <Filter>sip_msg_dispatch</Filter>
    </ClCompile>
  </ItemGroup>
  <ItemGroup>
    <Filter Include="server">
      <UniqueIdentifier>{adc975f3-0028-4290-995b-3cd1636d4330}</UniqueIdentifier>
    </Filter>
    <Filter Include="util">
      <UniqueIdentifier>{d5be47b2-cb94-48a9-9606-355363416930}</UniqueIdentifier>
    </Filter>
    <Filter Include="sip">
      <UniqueIdentifier>{9c29350a-e033-4d84-8457-adffd88721d5}</UniqueIdentifier>
    </Filter>
    <Filter Include="sip_msg_dispatch">
      <UniqueIdentifier>{7282381a-117d-4965-8cff-947a943f69ca}</UniqueIdentifier>
    </Filter>
  </ItemGroup>
  <ItemGroup>
    <ClInclude Include="csafe_queue.h">
      <Filter>util</Filter>
    </ClInclude>
    <ClInclude Include="csip_server.h">
      <Filter>server</Filter>
    </ClInclude>
    <ClInclude Include="csip_event.h">
      <Filter>sip</Filter>
    </ClInclude>
    <ClInclude Include="csip_msg_dispatch.h">
      <Filter>sip_msg_dispatch</Filter>
    </ClInclude>
  </ItemGroup>
</Project>